// !$*UTF8*$!
{
	archiveVersion = 1;
	classes = {
	};
	objectVersion = 50;
	objects = {

/* Begin PBXBuildFile section */
		A05CBB9924CABD43003AAD02 /* AppDelegate.swift in Sources */ = {isa = PBXBuildFile; fileRef = A05CBB9824CABD43003AAD02 /* AppDelegate.swift */; };
		A05CBB9B24CABD43003AAD02 /* SceneDelegate.swift in Sources */ = {isa = PBXBuildFile; fileRef = A05CBB9A24CABD43003AAD02 /* SceneDelegate.swift */; };
		A05CBB9D24CABD43003AAD02 /* ContentView.swift in Sources */ = {isa = PBXBuildFile; fileRef = A05CBB9C24CABD43003AAD02 /* ContentView.swift */; };
		A05CBB9F24CABD44003AAD02 /* Assets.xcassets in Resources */ = {isa = PBXBuildFile; fileRef = A05CBB9E24CABD44003AAD02 /* Assets.xcassets */; };
		A05CBBA224CABD44003AAD02 /* Preview Assets.xcassets in Resources */ = {isa = PBXBuildFile; fileRef = A05CBBA124CABD44003AAD02 /* Preview Assets.xcassets */; };
		A05CBBA524CABD44003AAD02 /* LaunchScreen.storyboard in Resources */ = {isa = PBXBuildFile; fileRef = A05CBBA324CABD44003AAD02 /* LaunchScreen.storyboard */; };
		A05CBBAF24CABD7A003AAD02 /* ViewRBG.swift in Sources */ = {isa = PBXBuildFile; fileRef = A05CBBAE24CABD7A003AAD02 /* ViewRBG.swift */; };
		A05CBBB324CB2216003AAD02 /* SliderHStack.swift in Sources */ = {isa = PBXBuildFile; fileRef = A05CBBB224CB2216003AAD02 /* SliderHStack.swift */; };
/* End PBXBuildFile section */

/* Begin PBXFileReference section */
		A05CBB9524CABD43003AAD02 /* RBGView.app */ = {isa = PBXFileReference; explicitFileType = wrapper.application; includeInIndex = 0; path = RBGView.app; sourceTree = BUILT_PRODUCTS_DIR; };
		A05CBB9824CABD43003AAD02 /* AppDelegate.swift */ = {isa = PBXFileReference; lastKnownFileType = sourcecode.swift; path = AppDelegate.swift; sourceTree = "<group>"; };
		A05CBB9A24CABD43003AAD02 /* SceneDelegate.swift */ = {isa = PBXFileReference; lastKnownFileType = sourcecode.swift; path = SceneDelegate.swift; sourceTree = "<group>"; };
		A05CBB9C24CABD43003AAD02 /* ContentView.swift */ = {isa = PBXFileReference; lastKnownFileType = sourcecode.swift; path = ContentView.swift; sourceTree = "<group>"; };
		A05CBB9E24CABD44003AAD02 /* Assets.xcassets */ = {isa = PBXFileReference; lastKnownFileType = folder.assetcatalog; path = Assets.xcassets; sourceTree = "<group>"; };
		A05CBBA124CABD44003AAD02 /* Preview Assets.xcassets */ = {isa = PBXFileReference; lastKnownFileType = folder.assetcatalog; path = "Preview Assets.xcassets"; sourceTree = "<group>"; };
		A05CBBA424CABD44003AAD02 /* Base */ = {isa = PBXFileReference; lastKnownFileType = file.storyboard; name = Base; path = Base.lproj/LaunchScreen.storyboard; sourceTree = "<group>"; };
		A05CBBA624CABD44003AAD02 /* Info.plist */ = {isa = PBXFileReference; lastKnownFileType = text.plist.xml; path = Info.plist; sourceTree = "<group>"; };
		A05CBBAE24CABD7A003AAD02 /* ViewRBG.swift */ = {isa = PBXFileReference; lastKnownFileType = sourcecode.swift; path = ViewRBG.swift; sourceTree = "<group>"; };
		A05CBBB224CB2216003AAD02 /* SliderHStack.swift */ = {isa = PBXFileReference; lastKnownFileType = sourcecode.swift; path = SliderHStack.swift; sourceTree = "<group>"; };
/* End PBXFileReference section */

/* Begin PBXFrameworksBuildPhase section */
		A05CBB9224CABD43003AAD02 /* Frameworks */ = {
			isa = PBXFrameworksBuildPhase;
			buildActionMask = 2147483647;
			files = (
			);
			runOnlyForDeploymentPostprocessing = 0;
		};
/* End PBXFrameworksBuildPhase section */

/* Begin PBXGroup section */
		A05CBB8C24CABD43003AAD02 = {
			isa = PBXGroup;
			children = (
				A05CBB9724CABD43003AAD02 /* RBGView */,
				A05CBB9624CABD43003AAD02 /* Products */,
			);
			sourceTree = "<group>";
		};
		A05CBB9624CABD43003AAD02 /* Products */ = {
			isa = PBXGroup;
			children = (
				A05CBB9524CABD43003AAD02 /* RBGView.app */,
			);
			name = Products;
			sourceTree = "<group>";
		};
		A05CBB9724CABD43003AAD02 /* RBGView */ = {
			isa = PBXGroup;
			children = (
				A05CBB9824CABD43003AAD02 /* AppDelegate.swift */,
				A05CBB9A24CABD43003AAD02 /* SceneDelegate.swift */,
				A05CBB9C24CABD43003AAD02 /* ContentView.swift */,
				A05CBBB224CB2216003AAD02 /* SliderHStack.swift */,
				A05CBBAE24CABD7A003AAD02 /* ViewRBG.swift */,
				A05CBB9E24CABD44003AAD02 /* Assets.xcassets */,
				A05CBBA324CABD44003AAD02 /* LaunchScreen.storyboard */,
				A05CBBA624CABD44003AAD02 /* Info.plist */,
				A05CBBA024CABD44003AAD02 /* Preview Content */,
			);
			path = RBGView;
			sourceTree = "<group>";
		};
		A05CBBA024CABD44003AAD02 /* Preview Content */ = {
			isa = PBXGroup;
			children = (
				A05CBBA124CABD44003AAD02 /* Preview Assets.xcassets */,
			);
			path = "Preview Content";
			sourceTree = "<group>";
		};
/* End PBXGroup section */

/* Begin PBXNativeTarget section */
		A05CBB9424CABD43003AAD02 /* RBGView */ = {
			isa = PBXNativeTarget;
			buildConfigurationList = A05CBBA924CABD44003AAD02 /* Build configuration list for PBXNativeTarget "RBGView" */;
			buildPhases = (
				A05CBB9124CABD43003AAD02 /* Sources */,
				A05CBB9224CABD43003AAD02 /* Frameworks */,
				A05CBB9324CABD43003AAD02 /* Resources */,
			);
			buildRules = (
			);
			dependencies = (
			);
			name = RBGView;
			productName = RBGView;
			productReference = A05CBB9524CABD43003AAD02 /* RBGView.app */;
			productType = "com.apple.product-type.application";
		};
/* End PBXNativeTarget section */

/* Begin PBXProject section */
		A05CBB8D24CABD43003AAD02 /* Project object */ = {
			isa = PBXProject;
			attributes = {
				LastSwiftUpdateCheck = 1130;
				LastUpgradeCheck = 1130;
				ORGANIZATIONNAME = Zizlak;
				TargetAttributes = {
					A05CBB9424CABD43003AAD02 = {
						CreatedOnToolsVersion = 11.3;
					};
				};
			};
			buildConfigurationList = A05CBB9024CABD43003AAD02 /* Build configuration list for PBXProject "RBGView" */;
			compatibilityVersion = "Xcode 9.3";
			developmentRegion = en;
			hasScannedForEncodings = 0;
			knownRegions = (
				en,
				Base,
			);
			mainGroup = A05CBB8C24CABD43003AAD02;
			productRefGroup = A05CBB9624CABD43003AAD02 /* Products */;
			projectDirPath = "";
			projectRoot = "";
			targets = (
				A05CBB9424CABD43003AAD02 /* RBGView */,
			);
		};
/* End PBXProject section */

/* Begin PBXResourcesBuildPhase section */
		A05CBB9324CABD43003AAD02 /* Resources */ = {
			isa = PBXResourcesBuildPhase;
			buildActionMask = 2147483647;
			files = (
				A05CBBA524CABD44003AAD02 /* LaunchScreen.storyboard in Resources */,
				A05CBBA224CABD44003AAD02 /* Preview Assets.xcassets in Resources */,
				A05CBB9F24CABD44003AAD02 /* Assets.xcassets in Resources */,
			);
			runOnlyForDeploymentPostprocessing = 0;
		};
/* End PBXResourcesBuildPhase section */

/* Begin PBXSourcesBuildPhase section */
		A05CBB9124CABD43003AAD02 /* Sources */ = {
			isa = PBXSourcesBuildPhase;
			buildActionMask = 2147483647;
			files = (
				A05CBB9924CABD43003AAD02 /* AppDelegate.swift in Sources */,
				A05CBB9B24CABD43003AAD02 /* SceneDelegate.swift in Sources */,
				A05CBBAF24CABD7A003AAD02 /* ViewRBG.swift in Sources */,
				A05CBB9D24CABD43003AAD02 /* ContentView.swift in Sources */,
				A05CBBB324CB2216003AAD02 /* SliderHStack.swift in Sources */,
			);
			runOnlyForDeploymentPostprocessing = 0;
		};
/* End PBXSourcesBuildPhase section */

/* Begin PBXVariantGroup section */
		A05CBBA324CABD44003AAD02 /* LaunchScreen.storyboard */ = {
			isa = PBXVariantGroup;
			children = (
				A05CBBA424CABD44003AAD02 /* Base */,
			);
			name = LaunchScreen.storyboard;
			sourceTree = "<group>";
		};
/* End PBXVariantGroup section */

/* Begin XCBuildConfiguration section */
		A05CBBA724CABD44003AAD02 /* Debug */ = {
			isa = XCBuildConfiguration;
			buildSettings = {
				ALWAYS_SEARCH_USER_PATHS = NO;
				CLANG_ANALYZER_NONNULL = YES;
				CLANG_ANALYZER_NUMBER_OBJECT_CONVERSION = YES_AGGRESSIVE;
				CLANG_CXX_LANGUAGE_STANDARD = "gnu++14";
				CLANG_CXX_LIBRARY = "libc++";
				CLANG_ENABLE_MODULES = YES;
				CLANG_ENABLE_OBJC_ARC = YES;
				CLANG_ENABLE_OBJC_WEAK = YES;
				CLANG_WARN_BLOCK_CAPTURE_AUTORELEASING = YES;
				CLANG_WARN_BOOL_CONVERSION = YES;
				CLANG_WARN_COMMA = YES;
				CLANG_WARN_CONSTANT_CONVERSION = YES;
				CLANG_WARN_DEPRECATED_OBJC_IMPLEMENTATIONS = YES;
				CLANG_WARN_DIRECT_OBJC_ISA_USAGE = YES_ERROR;
				CLANG_WARN_DOCUMENTATION_COMMENTS = YES;
				CLANG_WARN_EMPTY_BODY = YES;
				CLANG_WARN_ENUM_CONVERSION = YES;
				CLANG_WARN_INFINITE_RECURSION = YES;
				CLANG_WARN_INT_CONVERSION = YES;
				CLANG_WARN_NON_LITERAL_NULL_CONVERSION = YES;
				CLANG_WARN_OBJC_IMPLICIT_RETAIN_SELF = YES;
				CLANG_WARN_OBJC_LITERAL_CONVERSION = YES;
				CLANG_WARN_OBJC_ROOT_CLASS = YES_ERROR;
				CLANG_WARN_RANGE_LOOP_ANALYSIS = YES;
				CLANG_WARN_STRICT_PROTOTYPES = YES;
				CLANG_WARN_SUSPICIOUS_MOVE = YES;
				CLANG_WARN_UNGUARDED_AVAILABILITY = YES_AGGRESSIVE;
				CLANG_WARN_UNREACHABLE_CODE = YES;
				CLANG_WARN__DUPLICATE_METHOD_MATCH = YES;
				COPY_PHASE_STRIP = NO;
				DEBUG_INFORMATION_FORMAT = dwarf;
				ENABLE_STRICT_OBJC_MSGSEND = YES;
				ENABLE_TESTABILITY = YES;
				GCC_C_LANGUAGE_STANDARD = gnu11;
				GCC_DYNAMIC_NO_PIC = NO;
				GCC_NO_COMMON_BLOCKS = YES;
				GCC_OPTIMIZATION_LEVEL = 0;
				GCC_PREPROCESSOR_DEFINITIONS = (
					"DEBUG=1",
					"$(inherited)",
				);
				GCC_WARN_64_TO_32_BIT_CONVERSION = YES;
				GCC_WARN_ABOUT_RETURN_TYPE = YES_ERROR;
				GCC_WARN_UNDECLARED_SELECTOR = YES;
				GCC_WARN_UNINITIALIZED_AUTOS = YES_AGGRESSIVE;
				GCC_WARN_UNUSED_FUNCTION = YES;
				GCC_WARN_UNUSED_VARIABLE = YES;
				IPHONEOS_DEPLOYMENT_TARGET = 13.2;
				MTL_ENABLE_DEBUG_INFO = INCLUDE_SOURCE;
				MTL_FAST_MATH = YES;
				ONLY_ACTIVE_ARCH = YES;
				SDKROOT = iphoneos;
				SWIFT_ACTIVE_COMPILATION_CONDITIONS = DEBUG;
				SWIFT_OPTIMIZATION_LEVEL = "-Onone";
			};
			name = Debug;
		};
		A05CBBA824CABD44003AAD02 /* Release */ = {
			isa = XCBuildConfiguration;
			buildSettings = {
				ALWAYS_SEARCH_USER_PATHS = NO;
				CLANG_ANALYZER_NONNULL = YES;
				CLANG_ANALYZER_NUMBER_OBJECT_CONVERSION = YES_AGGRESSIVE;
				CLANG_CXX_LANGUAGE_STANDARD = "gnu++14";
				CLANG_CXX_LIBRARY = "libc++";
				CLANG_ENABLE_MODULES = YES;
				CLANG_ENABLE_OBJC_ARC = YES;
				CLANG_ENABLE_OBJC_WEAK = YES;
				CLANG_WARN_BLOCK_CAPTURE_AUTORELEASING = YES;
				CLANG_WARN_BOOL_CONVERSION = YES;
				CLANG_WARN_COMMA = YES;
				CLANG_WARN_CONSTANT_CONVERSION = YES;
				CLANG_WARN_DEPRECATED_OBJC_IMPLEMENTATIONS = YES;
				CLANG_WARN_DIRECT_OBJC_ISA_USAGE = YES_ERROR;
				CLANG_WARN_DOCUMENTATION_COMMENTS = YES;
				CLANG_WARN_EMPTY_BODY = YES;
				CLANG_WARN_ENUM_CONVERSION = YES;
				CLANG_WARN_INFINITE_RECURSION = YES;
				CLANG_WARN_INT_CONVERSION = YES;
				CLANG_WARN_NON_LITERAL_NULL_CONVERSION = YES;
				CLANG_WARN_OBJC_IMPLICIT_RETAIN_SELF = YES;
				CLANG_WARN_OBJC_LITERAL_CONVERSION = YES;
				CLANG_WARN_OBJC_ROOT_CLASS = YES_ERROR;
				CLANG_WARN_RANGE_LOOP_ANALYSIS = YES;
				CLANG_WARN_STRICT_PROTOTYPES = YES;
				CLANG_WARN_SUSPICIOUS_MOVE = YES;
				CLANG_WARN_UNGUARDED_AVAILABILITY = YES_AGGRESSIVE;
				CLANG_WARN_UNREACHABLE_CODE = YES;
				CLANG_WARN__DUPLICATE_METHOD_MATCH = YES;
				COPY_PHASE_STRIP = NO;
				DEBUG_INFORMATION_FORMAT = "dwarf-with-dsym";
				ENABLE_NS_ASSERTIONS = NO;
				ENABLE_STRICT_OBJC_MSGSEND = YES;
				GCC_C_LANGUAGE_STANDARD = gnu11;
				GCC_NO_COMMON_BLOCKS = YES;
				GCC_WARN_64_TO_32_BIT_CONVERSION = YES;
				GCC_WARN_ABOUT_RETURN_TYPE = YES_ERROR;
				GCC_WARN_UNDECLARED_SELECTOR = YES;
				GCC_WARN_UNINITIALIZED_AUTOS = YES_AGGRESSIVE;
				GCC_WARN_UNUSED_FUNCTION = YES;
				GCC_WARN_UNUSED_VARIABLE = YES;
				IPHONEOS_DEPLOYMENT_TARGET = 13.2;
				MTL_ENABLE_DEBUG_INFO = NO;
				MTL_FAST_MATH = YES;
				SDKROOT = iphoneos;
				SWIFT_COMPILATION_MODE = wholemodule;
				SWIFT_OPTIMIZATION_LEVEL = "-O";
				VALIDATE_PRODUCT = YES;
			};
			name = Release;
		};
		A05CBBAA24CABD44003AAD02 /* Debug */ = {
			isa = XCBuildConfiguration;
			buildSettings = {
				ASSETCATALOG_COMPILER_APPICON_NAME = AppIcon;
				CODE_SIGN_STYLE = Automatic;
				DEVELOPMENT_ASSET_PATHS = "\"RBGView/Preview Content\"";
				DEVELOPMENT_TEAM = 2SFU59SCCX;
				ENABLE_PREVIEWS = YES;
				INFOPLIST_FILE = RBGView/Info.plist;
				LD_RUNPATH_SEARCH_PATHS = (
					"$(inherited)",
					"@executable_path/Frameworks",
				);
				PRODUCT_BUNDLE_IDENTIFIER = com.zizlak.RBGView;
				PRODUCT_NAME = "$(TARGET_NAME)";
				SWIFT_VERSION = 5.0;
				TARGETED_DEVICE_FAMILY = "1,2";
			};
			name = Debug;
		};
		A05CBBAB24CABD44003AAD02 /* Release */ = {
			isa = XCBuildConfiguration;
			buildSettings = {
				ASSETCATALOG_COMPILER_APPICON_NAME = AppIcon;
				CODE_SIGN_STYLE = Automatic;
				DEVELOPMENT_ASSET_PATHS = "\"RBGView/Preview Content\"";
				DEVELOPMENT_TEAM = 2SFU59SCCX;
				ENABLE_PREVIEWS = YES;
				INFOPLIST_FILE = RBGView/Info.plist;
				LD_RUNPATH_SEARCH_PATHS = (
					"$(inherited)",
					"@executable_path/Frameworks",
				);
				PRODUCT_BUNDLE_IDENTIFIER = com.zizlak.RBGView;
				PRODUCT_NAME = "$(TARGET_NAME)";
				SWIFT_VERSION = 5.0;
				TARGETED_DEVICE_FAMILY = "1,2";
			};
			name = Release;
		};
/* End XCBuildConfiguration section */

/* Begin XCConfigurationList section */
		A05CBB9024CABD43003AAD02 /* Build configuration list for PBXProject "RBGView" */ = {
			isa = XCConfigurationList;
			buildConfigurations = (
				A05CBBA724CABD44003AAD02 /* Debug */,
				A05CBBA824CABD44003AAD02 /* Release */,
			);
			defaultConfigurationIsVisible = 0;
			defaultConfigurationName = Release;
		};
		A05CBBA924CABD44003AAD02 /* Build configuration list for PBXNativeTarget "RBGView" */ = {
			isa = XCConfigurationList;
			buildConfigurations = (
				A05CBBAA24CABD44003AAD02 /* Debug */,
				A05CBBAB24CABD44003AAD02 /* Release */,
			);
			defaultConfigurationIsVisible = 0;
			defaultConfigurationName = Release;
		};
/* End XCConfigurationList section */
	};
	rootObject = A05CBB8D24CABD43003AAD02 /* Project object */;
}
